
Microsoft Visual Studio Solution File, Format Version 12.00
# Visual Studio Version 17
VisualStudioVersion = 17.11.35327.3
MinimumVisualStudioVersion = 10.0.40219.1
Project("{FAE04EC0-301F-11D3-BF4B-00C04F79EFBC}") = "OpenObservability", "src/OpenObservability.csproj", "{56979B42-8D5D-4103-A25A-5F2C193DA624}"
EndProject
Global
	GlobalSection(SolutionConfigurationPlatforms) = preSolution
		Debug|Any CPU = Debug|Any CPU
		Release|Any CPU = Release|Any CPU
	EndGlobalSection
	GlobalSection(ProjectConfigurationPlatforms) = postSolution
		{56979B42-8D5D-4103-A25A-5F2C193DA624}.Debug|Any CPU.ActiveCfg = Debug|Any CPU
		{56979B42-8D5D-4103-A25A-5F2C193DA624}.Debug|Any CPU.Build.0 = Debug|Any CPU
		{56979B42-8D5D-4103-A25A-5F2C193DA624}.Release|Any CPU.ActiveCfg = Release|Any CPU
		{56979B42-8D5D-4103-A25A-5F2C193DA624}.Release|Any CPU.Build.0 = Release|Any CPU
	EndGlobalSection
	GlobalSection(SolutionProperties) = preSolution
		HideSolutionNode = FALSE
	EndGlobalSection
	GlobalSection(ExtensibilityGlobals) = postSolution
		SolutionGuid = {60D2B79C-C1D7-4DCB-9C7C-430ED9107578}
	EndGlobalSection
EndGlobal
