
Microsoft Visual Studio Solution File, Format Version 12.00
# Visual Studio Version 17
VisualStudioVersion = 17.8.34408.163
MinimumVisualStudioVersion = 10.0.40219.1
Project("{9A19103F-16F7-4668-BE54-9A1E7A4F7556}") = "demo-webapi-a", "demo-webapi-a\demo-webapi-a.csproj", "{C361788A-AF00-4967-8CFB-6F96BB05F36A}"
EndProject
Project("{9A19103F-16F7-4668-BE54-9A1E7A4F7556}") = "demo-webapi-b", "demo-webapi-b\demo-webapi-b.csproj", "{46FBD62D-BFAD-44CC-908D-A079228385C8}"
EndProject
Project("{9A19103F-16F7-4668-BE54-9A1E7A4F7556}") = "demo-webapi-c", "demo-webapi-c\demo-webapi-c.csproj", "{1A5DE64B-9708-4541-8371-D6D38D332274}"
EndProject
Project("{9A19103F-16F7-4668-BE54-9A1E7A4F7556}") = "demo-webapi-external", "demo-webapi-external\demo-webapi-external.csproj", "{40AC6E9B-3554-4C84-95DB-EE2652FD3A57}"
EndProject
Project("{9A19103F-16F7-4668-BE54-9A1E7A4F7556}") = "OpenObservability", "..\src\OpenObservability.csproj", "{1B9669F0-5360-42FF-8173-47A1D7068EE4}"
EndProject
Global
	GlobalSection(SolutionConfigurationPlatforms) = preSolution
		Debug|Any CPU = Debug|Any CPU
		Release|Any CPU = Release|Any CPU
	EndGlobalSection
	GlobalSection(ProjectConfigurationPlatforms) = postSolution
		{C361788A-AF00-4967-8CFB-6F96BB05F36A}.Debug|Any CPU.ActiveCfg = Debug|Any CPU
		{C361788A-AF00-4967-8CFB-6F96BB05F36A}.Debug|Any CPU.Build.0 = Debug|Any CPU
		{C361788A-AF00-4967-8CFB-6F96BB05F36A}.Release|Any CPU.ActiveCfg = Release|Any CPU
		{C361788A-AF00-4967-8CFB-6F96BB05F36A}.Release|Any CPU.Build.0 = Release|Any CPU
		{46FBD62D-BFAD-44CC-908D-A079228385C8}.Debug|Any CPU.ActiveCfg = Debug|Any CPU
		{46FBD62D-BFAD-44CC-908D-A079228385C8}.Debug|Any CPU.Build.0 = Debug|Any CPU
		{46FBD62D-BFAD-44CC-908D-A079228385C8}.Release|Any CPU.ActiveCfg = Release|Any CPU
		{46FBD62D-BFAD-44CC-908D-A079228385C8}.Release|Any CPU.Build.0 = Release|Any CPU
		{1A5DE64B-9708-4541-8371-D6D38D332274}.Debug|Any CPU.ActiveCfg = Debug|Any CPU
		{1A5DE64B-9708-4541-8371-D6D38D332274}.Debug|Any CPU.Build.0 = Debug|Any CPU
		{1A5DE64B-9708-4541-8371-D6D38D332274}.Release|Any CPU.ActiveCfg = Release|Any CPU
		{1A5DE64B-9708-4541-8371-D6D38D332274}.Release|Any CPU.Build.0 = Release|Any CPU
		{40AC6E9B-3554-4C84-95DB-EE2652FD3A57}.Debug|Any CPU.ActiveCfg = Debug|Any CPU
		{40AC6E9B-3554-4C84-95DB-EE2652FD3A57}.Debug|Any CPU.Build.0 = Debug|Any CPU
		{40AC6E9B-3554-4C84-95DB-EE2652FD3A57}.Release|Any CPU.ActiveCfg = Release|Any CPU
		{40AC6E9B-3554-4C84-95DB-EE2652FD3A57}.Release|Any CPU.Build.0 = Release|Any CPU
		{1B9669F0-5360-42FF-8173-47A1D7068EE4}.Debug|Any CPU.ActiveCfg = Debug|Any CPU
		{1B9669F0-5360-42FF-8173-47A1D7068EE4}.Debug|Any CPU.Build.0 = Debug|Any CPU
		{1B9669F0-5360-42FF-8173-47A1D7068EE4}.Release|Any CPU.ActiveCfg = Release|Any CPU
		{1B9669F0-5360-42FF-8173-47A1D7068EE4}.Release|Any CPU.Build.0 = Release|Any CPU
	EndGlobalSection
	GlobalSection(SolutionProperties) = preSolution
		HideSolutionNode = FALSE
	EndGlobalSection
	GlobalSection(ExtensibilityGlobals) = postSolution
		SolutionGuid = {39B69DA4-B596-4C68-AFF0-BED7E2B1EBF7}
	EndGlobalSection
EndGlobal
